
Microsoft Visual Studio Solution File, Format Version 12.00
# Visual Studio Version 16
VisualStudioVersion = 16.0.29721.120
MinimumVisualStudioVersion = 10.0.40219.1
Project("{FAE04EC0-301F-11D3-BF4B-00C04F79EFBC}") = "WebScraper", "WebScraper\WebScraper.csproj", "{AD799DDA-A01C-4715-811D-9679881EEB0D}"
EndProject
Global
	GlobalSection(SolutionConfigurationPlatforms) = preSolution
		Debug|Any CPU = Debug|Any CPU
		Release|Any CPU = Release|Any CPU
	EndGlobalSection
	GlobalSection(ProjectConfigurationPlatforms) = postSolution
		{AD799DDA-A01C-4715-811D-9679881EEB0D}.Debug|Any CPU.ActiveCfg = Debug|Any CPU
		{AD799DDA-A01C-4715-811D-9679881EEB0D}.Debug|Any CPU.Build.0 = Debug|Any CPU
		{AD799DDA-A01C-4715-811D-9679881EEB0D}.Release|Any CPU.ActiveCfg = Release|Any CPU
		{AD799DDA-A01C-4715-811D-9679881EEB0D}.Release|Any CPU.Build.0 = Release|Any CPU
	EndGlobalSection
	GlobalSection(SolutionProperties) = preSolution
		HideSolutionNode = FALSE
	EndGlobalSection
	GlobalSection(ExtensibilityGlobals) = postSolution
		SolutionGuid = {25F6E2A5-4F76-486D-89F5-AF5E4AB093CA}
	EndGlobalSection
EndGlobal
